{
  "requires": true,
  "lockfileVersion": 1,
  "dependencies": {
    "ansi-regex": {
      "version": "2.1.1",
      "resolved": "https://registry.npmjs.org/ansi-regex/-/ansi-regex-2.1.1.tgz",
      "integrity": "sha1-w7M6te42DYbg5ijwRorn7yfWVN8="
    },
    "ansi-styles": {
      "version": "2.2.1",
      "resolved": "https://registry.npmjs.org/ansi-styles/-/ansi-styles-2.2.1.tgz",
      "integrity": "sha1-tDLdM1i2NM914eRmQ2gkBTPB3b4="
    },
    "arguments-extended": {
      "version": "0.0.3",
      "resolved": "https://registry.npmjs.org/arguments-extended/-/arguments-extended-0.0.3.tgz",
      "integrity": "sha1-YQfkkX0OtvCk3WYyD8Fa/HLvSUY=",
      "requires": {
        "extended": "0.0.6",
        "is-extended": "0.0.10"
      }
    },
    "array-extended": {
      "version": "0.0.11",
      "resolved": "https://registry.npmjs.org/array-extended/-/array-extended-0.0.11.tgz",
      "integrity": "sha1-1xRK50jek8pybxIQCdv/FibRZL0=",
      "requires": {
        "arguments-extended": "0.0.3",
        "extended": "0.0.6",
        "is-extended": "0.0.10"
      }
    },
    "asap": {
      "version": "2.0.6",
      "resolved": "https://registry.npmjs.org/asap/-/asap-2.0.6.tgz",
      "integrity": "sha1-5QNHYR1+aQlDIIu9r+vLwvuGbUY="
    },
    "bluebird": {
      "version": "3.4.1",
      "resolved": "https://registry.npmjs.org/bluebird/-/bluebird-3.4.1.tgz",
      "integrity": "sha1-tzHd9I4t077awudeEhWhG8uR+gc="
    },
    "chalk": {
      "version": "1.1.3",
      "resolved": "https://registry.npmjs.org/chalk/-/chalk-1.1.3.tgz",
      "integrity": "sha1-qBFcVeSnAv5NFQq9OHKCKn4J/Jg=",
      "requires": {
        "ansi-styles": "2.2.1",
        "escape-string-regexp": "1.0.5",
        "has-ansi": "2.0.0",
        "strip-ansi": "3.0.1",
        "supports-color": "2.0.0"
      }
    },
    "date-extended": {
      "version": "0.0.6",
      "resolved": "https://registry.npmjs.org/date-extended/-/date-extended-0.0.6.tgz",
      "integrity": "sha1-I4AtV90b94GIE/4MMuhRqG2iZ8k=",
      "requires": {
        "array-extended": "0.0.11",
        "extended": "0.0.6",
        "is-extended": "0.0.10"
      }
    },
    "declare.js": {
      "version": "0.0.8",
      "resolved": "https://registry.npmjs.org/declare.js/-/declare.js-0.0.8.tgz",
      "integrity": "sha1-BHit/5VkwAT1Hfc9i8E0AZ0o3N4="
    },
    "elasticsearch": {
      "version": "11.0.1",
      "resolved": "https://registry.npmjs.org/elasticsearch/-/elasticsearch-11.0.1.tgz",
      "integrity": "sha1-0YBoTGvefs+g+iTmL6HIcu6uCOc=",
      "requires": {
        "chalk": "1.1.3",
        "forever-agent": "0.6.1",
        "lodash": "3.10.1",
        "lodash-compat": "3.10.2",
        "promise": "7.3.1"
      },
      "dependencies": {
        "lodash": {
          "version": "3.10.1",
          "resolved": "https://registry.npmjs.org/lodash/-/lodash-3.10.1.tgz",
          "integrity": "sha1-W/Rejkm6QYnhfUgnid/RW9FAt7Y="
        }
      }
    },
    "elasticsearch-csv": {
      "version": "0.0.3",
      "resolved": "https://registry.npmjs.org/elasticsearch-csv/-/elasticsearch-csv-0.0.3.tgz",
      "integrity": "sha1-7AJiklBwG/7nJueOfJ83D2dVtmg=",
      "requires": {
        "bluebird": "3.4.1",
        "elasticsearch": "11.0.1",
        "fast-csv": "2.0.0",
        "lodash": "4.13.1",
        "uuid": "2.0.2"
      }
    },
    "escape-string-regexp": {
      "version": "1.0.5",
      "resolved": "https://registry.npmjs.org/escape-string-regexp/-/escape-string-regexp-1.0.5.tgz",
      "integrity": "sha1-G2HAViGQqN/2rjuyzwIAyhMLhtQ="
    },
    "extended": {
      "version": "0.0.6",
      "resolved": "https://registry.npmjs.org/extended/-/extended-0.0.6.tgz",
      "integrity": "sha1-f7i/e52uOXWG5IVwrP1kLHjlBmk=",
      "requires": {
        "extender": "0.0.10"
      }
    },
    "extender": {
      "version": "0.0.10",
      "resolved": "https://registry.npmjs.org/extender/-/extender-0.0.10.tgz",
      "integrity": "sha1-WJwHSCvmGhRgttgfnCSqZ+jzJM0=",
      "requires": {
        "declare.js": "0.0.8"
      }
    },
    "fast-csv": {
      "version": "2.0.0",
      "resolved": "https://registry.npmjs.org/fast-csv/-/fast-csv-2.0.0.tgz",
      "integrity": "sha1-+kj3nvDUVKrMA0A4J//QMW0QthE=",
      "requires": {
        "extended": "0.0.6",
        "is-extended": "0.0.10",
        "object-extended": "0.0.7",
        "string-extended": "0.0.8"
      }
    },
    "forever-agent": {
      "version": "0.6.1",
      "resolved": "https://registry.npmjs.org/forever-agent/-/forever-agent-0.6.1.tgz",
      "integrity": "sha1-+8cfDEGt6zf5bFd60e1C2P2sypE="
    },
    "has-ansi": {
      "version": "2.0.0",
      "resolved": "https://registry.npmjs.org/has-ansi/-/has-ansi-2.0.0.tgz",
      "integrity": "sha1-NPUEnOHs3ysGSa8+8k5F7TVBbZE=",
      "requires": {
        "ansi-regex": "2.1.1"
      }
    },
    "is-extended": {
      "version": "0.0.10",
      "resolved": "https://registry.npmjs.org/is-extended/-/is-extended-0.0.10.tgz",
      "integrity": "sha1-JE4UDfdbscmjEG9BL/GC+1NKbWI=",
      "requires": {
        "extended": "0.0.6"
      }
    },
    "lodash": {
      "version": "4.13.1",
      "resolved": "https://registry.npmjs.org/lodash/-/lodash-4.13.1.tgz",
      "integrity": "sha1-g+SxCRP0hJbU0W/sSlYK8u50S2g="
    },
    "lodash-compat": {
      "version": "3.10.2",
      "resolved": "https://registry.npmjs.org/lodash-compat/-/lodash-compat-3.10.2.tgz",
      "integrity": "sha1-xpQBKKnTD46QLNLPmf0Muk7PwYM="
    },
    "object-extended": {
      "version": "0.0.7",
      "resolved": "https://registry.npmjs.org/object-extended/-/object-extended-0.0.7.tgz",
      "integrity": "sha1-hP0j9WsVWCrrPoiwXLVdJDLWijM=",
      "requires": {
        "array-extended": "0.0.11",
        "extended": "0.0.6",
        "is-extended": "0.0.10"
      }
    },
    "promise": {
      "version": "7.3.1",
      "resolved": "https://registry.npmjs.org/promise/-/promise-7.3.1.tgz",
      "integrity": "sha512-nolQXZ/4L+bP/UGlkfaIujX9BKxGwmQ9OT4mOt5yvy8iK1h3wqTEJCijzGANTCCl9nWjY41juyAn2K3Q1hLLTg==",
      "requires": {
        "asap": "2.0.6"
      }
    },
    "string-extended": {
      "version": "0.0.8",
      "resolved": "https://registry.npmjs.org/string-extended/-/string-extended-0.0.8.tgz",
      "integrity": "sha1-dBlX3/SHsCcqee7FpE8jnubxfM0=",
      "requires": {
        "array-extended": "0.0.11",
        "date-extended": "0.0.6",
        "extended": "0.0.6",
        "is-extended": "0.0.10"
      }
    },
    "strip-ansi": {
      "version": "3.0.1",
      "resolved": "https://registry.npmjs.org/strip-ansi/-/strip-ansi-3.0.1.tgz",
      "integrity": "sha1-ajhfuIU9lS1f8F0Oiq+UJ43GPc8=",
      "requires": {
        "ansi-regex": "2.1.1"
      }
    },
    "supports-color": {
      "version": "2.0.0",
      "resolved": "https://registry.npmjs.org/supports-color/-/supports-color-2.0.0.tgz",
      "integrity": "sha1-U10EXOa2Nj+kARcIRimZXp3zJMc="
    },
    "uuid": {
      "version": "2.0.2",
      "resolved": "https://registry.npmjs.org/uuid/-/uuid-2.0.2.tgz",
      "integrity": "sha1-SL1WmPBnfjx5AaHEbvFbFkN5RyY="
    }
  }
}
